
Microsoft Visual Studio Solution File, Format Version 12.00
# Visual Studio Version 16
VisualStudioVersion = 16.0.31911.196
MinimumVisualStudioVersion = 10.0.40219.1
Project("{FAE04EC0-301F-11D3-BF4B-00C04F79EFBC}") = "UserData", "UserData\UserData.csproj", "{291C2609-542F-49FB-86A9-F8CFB698F31C}"
EndProject
Project("{FAE04EC0-301F-11D3-BF4B-00C04F79EFBC}") = "UserAge", "UserAge\UserAge.csproj", "{A9892CC9-75DD-4515-81A0-82969B6C0221}"
EndProject
Project("{FAE04EC0-301F-11D3-BF4B-00C04F79EFBC}") = "InstagrammAgeCheck", "InstagrammAgeCheck\InstagrammAgeCheck.csproj", "{3159CA23-197A-4E8B-9A91-B5DFBE8D39A1}"
EndProject
Global
	GlobalSection(SolutionConfigurationPlatforms) = preSolution
		Debug|Any CPU = Debug|Any CPU
		Release|Any CPU = Release|Any CPU
	EndGlobalSection
	GlobalSection(ProjectConfigurationPlatforms) = postSolution
		{291C2609-542F-49FB-86A9-F8CFB698F31C}.Debug|Any CPU.ActiveCfg = Debug|Any CPU
		{291C2609-542F-49FB-86A9-F8CFB698F31C}.Debug|Any CPU.Build.0 = Debug|Any CPU
		{291C2609-542F-49FB-86A9-F8CFB698F31C}.Release|Any CPU.ActiveCfg = Release|Any CPU
		{291C2609-542F-49FB-86A9-F8CFB698F31C}.Release|Any CPU.Build.0 = Release|Any CPU
		{A9892CC9-75DD-4515-81A0-82969B6C0221}.Debug|Any CPU.ActiveCfg = Debug|Any CPU
		{A9892CC9-75DD-4515-81A0-82969B6C0221}.Debug|Any CPU.Build.0 = Debug|Any CPU
		{A9892CC9-75DD-4515-81A0-82969B6C0221}.Release|Any CPU.ActiveCfg = Release|Any CPU
		{A9892CC9-75DD-4515-81A0-82969B6C0221}.Release|Any CPU.Build.0 = Release|Any CPU
		{3159CA23-197A-4E8B-9A91-B5DFBE8D39A1}.Debug|Any CPU.ActiveCfg = Debug|Any CPU
		{3159CA23-197A-4E8B-9A91-B5DFBE8D39A1}.Debug|Any CPU.Build.0 = Debug|Any CPU
		{3159CA23-197A-4E8B-9A91-B5DFBE8D39A1}.Release|Any CPU.ActiveCfg = Release|Any CPU
		{3159CA23-197A-4E8B-9A91-B5DFBE8D39A1}.Release|Any CPU.Build.0 = Release|Any CPU
	EndGlobalSection
	GlobalSection(SolutionProperties) = preSolution
		HideSolutionNode = FALSE
	EndGlobalSection
	GlobalSection(ExtensibilityGlobals) = postSolution
		SolutionGuid = {79563C5C-5F03-4F44-9539-C05D4F4A6418}
	EndGlobalSection
EndGlobal
